
Microsoft Visual Studio Solution File, Format Version 12.00
# Visual Studio Version 17
VisualStudioVersion = 17.5.2.0
MinimumVisualStudioVersion = 10.0.40219.1
Project("{FAE04EC0-301F-11D3-BF4B-00C04F79EFBC}") = "savorfolio-backend", "savorfolio-backend.csproj", "{FF0459AA-020F-DE93-51C2-50E7D1EFE860}"
EndProject
Project("{FAE04EC0-301F-11D3-BF4B-00C04F79EFBC}") = "Tests", "..\Tests\Tests.csproj", "{21EC6AD5-892C-4DF9-8A7A-BF87AAB64F7C}"
EndProject
Project("{FAE04EC0-301F-11D3-BF4B-00C04F79EFBC}") = "IntegrationTests", "..\IntegrationTests\IntegrationTests.csproj", "{FA13358E-AB17-4F54-9DFB-47F288F9F2B8}"
EndProject
Global
	GlobalSection(SolutionConfigurationPlatforms) = preSolution
		Debug|Any CPU = Debug|Any CPU
		Debug|x64 = Debug|x64
		Debug|x86 = Debug|x86
		Release|Any CPU = Release|Any CPU
		Release|x64 = Release|x64
		Release|x86 = Release|x86
	EndGlobalSection
	GlobalSection(ProjectConfigurationPlatforms) = postSolution
		{FF0459AA-020F-DE93-51C2-50E7D1EFE860}.Debug|Any CPU.ActiveCfg = Debug|Any CPU
		{FF0459AA-020F-DE93-51C2-50E7D1EFE860}.Debug|Any CPU.Build.0 = Debug|Any CPU
		{FF0459AA-020F-DE93-51C2-50E7D1EFE860}.Debug|x64.ActiveCfg = Debug|Any CPU
		{FF0459AA-020F-DE93-51C2-50E7D1EFE860}.Debug|x64.Build.0 = Debug|Any CPU
		{FF0459AA-020F-DE93-51C2-50E7D1EFE860}.Debug|x86.ActiveCfg = Debug|Any CPU
		{FF0459AA-020F-DE93-51C2-50E7D1EFE860}.Debug|x86.Build.0 = Debug|Any CPU
		{FF0459AA-020F-DE93-51C2-50E7D1EFE860}.Release|Any CPU.ActiveCfg = Release|Any CPU
		{FF0459AA-020F-DE93-51C2-50E7D1EFE860}.Release|Any CPU.Build.0 = Release|Any CPU
		{FF0459AA-020F-DE93-51C2-50E7D1EFE860}.Release|x64.ActiveCfg = Release|Any CPU
		{FF0459AA-020F-DE93-51C2-50E7D1EFE860}.Release|x64.Build.0 = Release|Any CPU
		{FF0459AA-020F-DE93-51C2-50E7D1EFE860}.Release|x86.ActiveCfg = Release|Any CPU
		{FF0459AA-020F-DE93-51C2-50E7D1EFE860}.Release|x86.Build.0 = Release|Any CPU
		{21EC6AD5-892C-4DF9-8A7A-BF87AAB64F7C}.Debug|Any CPU.ActiveCfg = Debug|Any CPU
		{21EC6AD5-892C-4DF9-8A7A-BF87AAB64F7C}.Debug|Any CPU.Build.0 = Debug|Any CPU
		{21EC6AD5-892C-4DF9-8A7A-BF87AAB64F7C}.Debug|x64.ActiveCfg = Debug|Any CPU
		{21EC6AD5-892C-4DF9-8A7A-BF87AAB64F7C}.Debug|x64.Build.0 = Debug|Any CPU
		{21EC6AD5-892C-4DF9-8A7A-BF87AAB64F7C}.Debug|x86.ActiveCfg = Debug|Any CPU
		{21EC6AD5-892C-4DF9-8A7A-BF87AAB64F7C}.Debug|x86.Build.0 = Debug|Any CPU
		{21EC6AD5-892C-4DF9-8A7A-BF87AAB64F7C}.Release|Any CPU.ActiveCfg = Release|Any CPU
		{21EC6AD5-892C-4DF9-8A7A-BF87AAB64F7C}.Release|Any CPU.Build.0 = Release|Any CPU
		{21EC6AD5-892C-4DF9-8A7A-BF87AAB64F7C}.Release|x64.ActiveCfg = Release|Any CPU
		{21EC6AD5-892C-4DF9-8A7A-BF87AAB64F7C}.Release|x64.Build.0 = Release|Any CPU
		{21EC6AD5-892C-4DF9-8A7A-BF87AAB64F7C}.Release|x86.ActiveCfg = Release|Any CPU
		{21EC6AD5-892C-4DF9-8A7A-BF87AAB64F7C}.Release|x86.Build.0 = Release|Any CPU
		{FA13358E-AB17-4F54-9DFB-47F288F9F2B8}.Debug|Any CPU.ActiveCfg = Debug|Any CPU
		{FA13358E-AB17-4F54-9DFB-47F288F9F2B8}.Debug|Any CPU.Build.0 = Debug|Any CPU
		{FA13358E-AB17-4F54-9DFB-47F288F9F2B8}.Debug|x64.ActiveCfg = Debug|Any CPU
		{FA13358E-AB17-4F54-9DFB-47F288F9F2B8}.Debug|x64.Build.0 = Debug|Any CPU
		{FA13358E-AB17-4F54-9DFB-47F288F9F2B8}.Debug|x86.ActiveCfg = Debug|Any CPU
		{FA13358E-AB17-4F54-9DFB-47F288F9F2B8}.Debug|x86.Build.0 = Debug|Any CPU
		{FA13358E-AB17-4F54-9DFB-47F288F9F2B8}.Release|Any CPU.ActiveCfg = Release|Any CPU
		{FA13358E-AB17-4F54-9DFB-47F288F9F2B8}.Release|Any CPU.Build.0 = Release|Any CPU
		{FA13358E-AB17-4F54-9DFB-47F288F9F2B8}.Release|x64.ActiveCfg = Release|Any CPU
		{FA13358E-AB17-4F54-9DFB-47F288F9F2B8}.Release|x64.Build.0 = Release|Any CPU
		{FA13358E-AB17-4F54-9DFB-47F288F9F2B8}.Release|x86.ActiveCfg = Release|Any CPU
		{FA13358E-AB17-4F54-9DFB-47F288F9F2B8}.Release|x86.Build.0 = Release|Any CPU
	EndGlobalSection
	GlobalSection(SolutionProperties) = preSolution
		HideSolutionNode = FALSE
	EndGlobalSection
	GlobalSection(ExtensibilityGlobals) = postSolution
		SolutionGuid = {336F1FD0-8717-4BA2-BA13-B3DA53B7F9EB}
	EndGlobalSection
EndGlobal
